
Microsoft Visual Studio Solution File, Format Version 12.00
# Visual Studio Version 17
VisualStudioVersion = 17.9.34616.47
MinimumVisualStudioVersion = 10.0.40219.1
Project("{9A19103F-16F7-4668-BE54-9A1E7A4F7556}") = "Mediatheque.Cli", "Mediatheque.Cli\Mediatheque.Cli.csproj", "{857470C4-9FEE-4F36-B5AA-CF1FD0EA9EBC}"
EndProject
Project("{9A19103F-16F7-4668-BE54-9A1E7A4F7556}") = "Mediatheque.Core", "Mediatheque.Core\Mediatheque.Core.csproj", "{4D72C299-ADDF-4EEE-B52C-58A6DEC40E02}"
EndProject
Project("{9A19103F-16F7-4668-BE54-9A1E7A4F7556}") = "Mediatheque.CoreTests", "Mediatheque.CoreTests\Mediatheque.CoreTests.csproj", "{2D851959-5C7B-4A96-878A-49F6743C87A8}"
EndProject
Project("{FAE04EC0-301F-11D3-BF4B-00C04F79EFBC}") = "MediathequeTest", "MediathequeTest\MediathequeTest.csproj", "{D685D1EF-1B97-45D5-8B6D-D720CE3466CB}"
EndProject
Project("{2150E333-8FDC-42A3-9474-1A3956D46DE8}") = "Éléments de solution", "Éléments de solution", "{C88BC95B-4D23-443B-87F9-65361517284C}"
	ProjectSection(SolutionItems) = preProject
		MediathequeService.cs = MediathequeService.cs
	EndProjectSection
EndProject
Global
	GlobalSection(SolutionConfigurationPlatforms) = preSolution
		Debug|Any CPU = Debug|Any CPU
		Release|Any CPU = Release|Any CPU
	EndGlobalSection
	GlobalSection(ProjectConfigurationPlatforms) = postSolution
		{857470C4-9FEE-4F36-B5AA-CF1FD0EA9EBC}.Debug|Any CPU.ActiveCfg = Debug|Any CPU
		{857470C4-9FEE-4F36-B5AA-CF1FD0EA9EBC}.Debug|Any CPU.Build.0 = Debug|Any CPU
		{857470C4-9FEE-4F36-B5AA-CF1FD0EA9EBC}.Release|Any CPU.ActiveCfg = Release|Any CPU
		{857470C4-9FEE-4F36-B5AA-CF1FD0EA9EBC}.Release|Any CPU.Build.0 = Release|Any CPU
		{4D72C299-ADDF-4EEE-B52C-58A6DEC40E02}.Debug|Any CPU.ActiveCfg = Debug|Any CPU
		{4D72C299-ADDF-4EEE-B52C-58A6DEC40E02}.Debug|Any CPU.Build.0 = Debug|Any CPU
		{4D72C299-ADDF-4EEE-B52C-58A6DEC40E02}.Release|Any CPU.ActiveCfg = Release|Any CPU
		{4D72C299-ADDF-4EEE-B52C-58A6DEC40E02}.Release|Any CPU.Build.0 = Release|Any CPU
		{2D851959-5C7B-4A96-878A-49F6743C87A8}.Debug|Any CPU.ActiveCfg = Debug|Any CPU
		{2D851959-5C7B-4A96-878A-49F6743C87A8}.Debug|Any CPU.Build.0 = Debug|Any CPU
		{2D851959-5C7B-4A96-878A-49F6743C87A8}.Release|Any CPU.ActiveCfg = Release|Any CPU
		{2D851959-5C7B-4A96-878A-49F6743C87A8}.Release|Any CPU.Build.0 = Release|Any CPU
		{D685D1EF-1B97-45D5-8B6D-D720CE3466CB}.Debug|Any CPU.ActiveCfg = Debug|Any CPU
		{D685D1EF-1B97-45D5-8B6D-D720CE3466CB}.Debug|Any CPU.Build.0 = Debug|Any CPU
		{D685D1EF-1B97-45D5-8B6D-D720CE3466CB}.Release|Any CPU.ActiveCfg = Release|Any CPU
		{D685D1EF-1B97-45D5-8B6D-D720CE3466CB}.Release|Any CPU.Build.0 = Release|Any CPU
	EndGlobalSection
	GlobalSection(SolutionProperties) = preSolution
		HideSolutionNode = FALSE
	EndGlobalSection
	GlobalSection(ExtensibilityGlobals) = postSolution
		SolutionGuid = {83FBDA17-413D-48F7-A94D-AD9845C64D48}
	EndGlobalSection
EndGlobal
